
Microsoft Visual Studio Solution File, Format Version 12.00
# Visual Studio 15
VisualStudioVersion = 15.0.27004.2010
MinimumVisualStudioVersion = 10.0.40219.1
Project("{FAE04EC0-301F-11D3-BF4B-00C04F79EFBC}") = "YT_scraper", "YT_scraper\YT_scraper.csproj", "{642D7673-88EF-4CB2-9A68-A5FF258EE346}"
EndProject
Global
	GlobalSection(SolutionConfigurationPlatforms) = preSolution
		Debug|Any CPU = Debug|Any CPU
		Debug|x64 = Debug|x64
		release_hah|Any CPU = release_hah|Any CPU
		release_hah|x64 = release_hah|x64
		Release|Any CPU = Release|Any CPU
		Release|x64 = Release|x64
	EndGlobalSection
	GlobalSection(ProjectConfigurationPlatforms) = postSolution
		{642D7673-88EF-4CB2-9A68-A5FF258EE346}.Debug|Any CPU.ActiveCfg = Debug|Any CPU
		{642D7673-88EF-4CB2-9A68-A5FF258EE346}.Debug|Any CPU.Build.0 = Debug|Any CPU
		{642D7673-88EF-4CB2-9A68-A5FF258EE346}.Debug|x64.ActiveCfg = Debug|x64
		{642D7673-88EF-4CB2-9A68-A5FF258EE346}.Debug|x64.Build.0 = Debug|x64
		{642D7673-88EF-4CB2-9A68-A5FF258EE346}.release_hah|Any CPU.ActiveCfg = release_hah|Any CPU
		{642D7673-88EF-4CB2-9A68-A5FF258EE346}.release_hah|Any CPU.Build.0 = release_hah|Any CPU
		{642D7673-88EF-4CB2-9A68-A5FF258EE346}.release_hah|x64.ActiveCfg = release_hah|Any CPU
		{642D7673-88EF-4CB2-9A68-A5FF258EE346}.release_hah|x64.Build.0 = release_hah|Any CPU
		{642D7673-88EF-4CB2-9A68-A5FF258EE346}.Release|Any CPU.ActiveCfg = Release|Any CPU
		{642D7673-88EF-4CB2-9A68-A5FF258EE346}.Release|Any CPU.Build.0 = Release|Any CPU
		{642D7673-88EF-4CB2-9A68-A5FF258EE346}.Release|x64.ActiveCfg = Release|x64
		{642D7673-88EF-4CB2-9A68-A5FF258EE346}.Release|x64.Build.0 = Release|x64
	EndGlobalSection
	GlobalSection(SolutionProperties) = preSolution
		HideSolutionNode = FALSE
	EndGlobalSection
	GlobalSection(ExtensibilityGlobals) = postSolution
		SolutionGuid = {F78BE240-90BA-4C83-AAE2-D8FB30AE4C34}
	EndGlobalSection
EndGlobal
